# Generated by pub
# See https://dart.dev/tools/pub/glossary#lockfile
packages:
  faker:
    dependency: "direct main"
    description:
      name: faker
      url: "https://pub.dartlang.org"
    source: hosted
    version: "1.2.1"
  pedantic_mono:
    dependency: "direct dev"
    description:
      name: pedantic_mono
      url: "https://pub.dartlang.org"
    source: hosted
    version: "1.8.0"
sdks:
  dart: ">=2.4.0 <3.0.0"
